
Microsoft Visual Studio Solution File, Format Version 12.00
# Visual Studio Version 16
VisualStudioVersion = 16.0.31624.102
MinimumVisualStudioVersion = 10.0.40219.1
Project("{9A19103F-16F7-4668-BE54-9A1E7A4F7556}") = "DiscountSandwiches", "DiscountSandwiches.csproj", "{9789A85D-BE93-4687-ABAF-7F595284DD6F}"
EndProject
Project("{9A19103F-16F7-4668-BE54-9A1E7A4F7556}") = "SwordDamage", "..\SwordDamage\SwordDamage.csproj", "{CF6AB222-EB7A-4C89-92F4-1FEEBBA16CBF}"
EndProject
Project("{9A19103F-16F7-4668-BE54-9A1E7A4F7556}") = "SwordDamageWPF", "..\SwordDamageWPF\SwordDamageWPF.csproj", "{74A313F1-B522-4BAB-B8DA-BFCCED57FFD2}"
EndProject
Project("{FAE04EC0-301F-11D3-BF4B-00C04F79EFBC}") = "BallsGame", "..\BallsGame\BallsGame.csproj", "{D0D1F07F-07D3-44C1-A20A-216DC1FCF39F}"
EndProject
Global
	GlobalSection(SolutionConfigurationPlatforms) = preSolution
		Debug|Any CPU = Debug|Any CPU
		Release|Any CPU = Release|Any CPU
	EndGlobalSection
	GlobalSection(ProjectConfigurationPlatforms) = postSolution
		{9789A85D-BE93-4687-ABAF-7F595284DD6F}.Debug|Any CPU.ActiveCfg = Debug|Any CPU
		{9789A85D-BE93-4687-ABAF-7F595284DD6F}.Debug|Any CPU.Build.0 = Debug|Any CPU
		{9789A85D-BE93-4687-ABAF-7F595284DD6F}.Release|Any CPU.ActiveCfg = Release|Any CPU
		{9789A85D-BE93-4687-ABAF-7F595284DD6F}.Release|Any CPU.Build.0 = Release|Any CPU
		{CF6AB222-EB7A-4C89-92F4-1FEEBBA16CBF}.Debug|Any CPU.ActiveCfg = Debug|Any CPU
		{CF6AB222-EB7A-4C89-92F4-1FEEBBA16CBF}.Debug|Any CPU.Build.0 = Debug|Any CPU
		{CF6AB222-EB7A-4C89-92F4-1FEEBBA16CBF}.Release|Any CPU.ActiveCfg = Release|Any CPU
		{CF6AB222-EB7A-4C89-92F4-1FEEBBA16CBF}.Release|Any CPU.Build.0 = Release|Any CPU
		{74A313F1-B522-4BAB-B8DA-BFCCED57FFD2}.Debug|Any CPU.ActiveCfg = Debug|Any CPU
		{74A313F1-B522-4BAB-B8DA-BFCCED57FFD2}.Debug|Any CPU.Build.0 = Debug|Any CPU
		{74A313F1-B522-4BAB-B8DA-BFCCED57FFD2}.Release|Any CPU.ActiveCfg = Release|Any CPU
		{74A313F1-B522-4BAB-B8DA-BFCCED57FFD2}.Release|Any CPU.Build.0 = Release|Any CPU
		{D0D1F07F-07D3-44C1-A20A-216DC1FCF39F}.Debug|Any CPU.ActiveCfg = Debug|Any CPU
		{D0D1F07F-07D3-44C1-A20A-216DC1FCF39F}.Debug|Any CPU.Build.0 = Debug|Any CPU
		{D0D1F07F-07D3-44C1-A20A-216DC1FCF39F}.Release|Any CPU.ActiveCfg = Release|Any CPU
		{D0D1F07F-07D3-44C1-A20A-216DC1FCF39F}.Release|Any CPU.Build.0 = Release|Any CPU
	EndGlobalSection
	GlobalSection(SolutionProperties) = preSolution
		HideSolutionNode = FALSE
	EndGlobalSection
	GlobalSection(ExtensibilityGlobals) = postSolution
		SolutionGuid = {0CF40E34-5FF0-4347-9167-F2EAE5C15195}
	EndGlobalSection
EndGlobal
